
Microsoft Visual Studio Solution File, Format Version 12.00
# Visual Studio Version 17
VisualStudioVersion = 17.0.32014.148
MinimumVisualStudioVersion = 10.0.40219.1
Project("{9A19103F-16F7-4668-BE54-9A1E7A4F7556}") = "Authelia.Database", "Authelia.Database.Model\Authelia.Database.csproj", "{19239248-9438-465B-9B48-609B1F2104DB}"
EndProject
Project("{9A19103F-16F7-4668-BE54-9A1E7A4F7556}") = "Authelia.Server", "Authelia.Server\Authelia.Server.csproj", "{D9E0D051-9DE9-4B0C-941D-41E8FEA6F759}"
EndProject
Project("{9A19103F-16F7-4668-BE54-9A1E7A4F7556}") = "Authelia.Client", "Authelia.Client\Authelia.Client.csproj", "{C4C136EB-7261-4E60-8E03-C2F5C54B7A06}"
EndProject
Global
	GlobalSection(SolutionConfigurationPlatforms) = preSolution
		Debug|Any CPU = Debug|Any CPU
		Release|Any CPU = Release|Any CPU
	EndGlobalSection
	GlobalSection(ProjectConfigurationPlatforms) = postSolution
		{19239248-9438-465B-9B48-609B1F2104DB}.Debug|Any CPU.ActiveCfg = Debug|Any CPU
		{19239248-9438-465B-9B48-609B1F2104DB}.Debug|Any CPU.Build.0 = Debug|Any CPU
		{19239248-9438-465B-9B48-609B1F2104DB}.Release|Any CPU.ActiveCfg = Release|Any CPU
		{19239248-9438-465B-9B48-609B1F2104DB}.Release|Any CPU.Build.0 = Release|Any CPU
		{D9E0D051-9DE9-4B0C-941D-41E8FEA6F759}.Debug|Any CPU.ActiveCfg = Debug|Any CPU
		{D9E0D051-9DE9-4B0C-941D-41E8FEA6F759}.Debug|Any CPU.Build.0 = Debug|Any CPU
		{D9E0D051-9DE9-4B0C-941D-41E8FEA6F759}.Release|Any CPU.ActiveCfg = Release|Any CPU
		{D9E0D051-9DE9-4B0C-941D-41E8FEA6F759}.Release|Any CPU.Build.0 = Release|Any CPU
		{C4C136EB-7261-4E60-8E03-C2F5C54B7A06}.Debug|Any CPU.ActiveCfg = Debug|Any CPU
		{C4C136EB-7261-4E60-8E03-C2F5C54B7A06}.Debug|Any CPU.Build.0 = Debug|Any CPU
		{C4C136EB-7261-4E60-8E03-C2F5C54B7A06}.Release|Any CPU.ActiveCfg = Release|Any CPU
		{C4C136EB-7261-4E60-8E03-C2F5C54B7A06}.Release|Any CPU.Build.0 = Release|Any CPU
	EndGlobalSection
	GlobalSection(SolutionProperties) = preSolution
		HideSolutionNode = FALSE
	EndGlobalSection
	GlobalSection(ExtensibilityGlobals) = postSolution
		SolutionGuid = {E2D18A10-785C-4CEE-A616-E58C1E6E6EB3}
	EndGlobalSection
EndGlobal
